
Microsoft Visual Studio Solution File, Format Version 12.00
# Visual Studio Version 17
VisualStudioVersion = 17.12.35506.116
MinimumVisualStudioVersion = 10.0.40219.1
Project("{FAE04EC0-301F-11D3-BF4B-00C04F79EFBC}") = "MediumApi", "MediumApi\MediumApi.csproj", "{0EB45D16-9620-4D46-B4E0-5D3B71D2177D}"
EndProject
Project("{FAE04EC0-301F-11D3-BF4B-00C04F79EFBC}") = "MediumMapperApi", "MediumMapperApi\MediumMapperApi.csproj", "{5C8C0A5F-C682-4E17-AD3E-3E27798BB490}"
EndProject
Project("{FAE04EC0-301F-11D3-BF4B-00C04F79EFBC}") = "MediumDataBaseManagerAzureApi", "MediumDataBaseManagerAzureApi\MediumDataBaseManagerAzureApi.csproj", "{0DE31372-EED1-4243-B6B9-EEEA4BD1D24A}"
EndProject
Project("{FAE04EC0-301F-11D3-BF4B-00C04F79EFBC}") = "MediumWriteStoreApi", "MediumWriteStoreApi\MediumWriteStoreApi.csproj", "{0DF485E1-24CB-4EF9-A693-106281D93DBC}"
EndProject
Project("{FAE04EC0-301F-11D3-BF4B-00C04F79EFBC}") = "MediumAuthorizeApi", "MediumAuthorizeApi\MediumAuthorizeApi.csproj", "{364E9C3A-3BF1-4518-A7FA-E22300B36552}"
EndProject
Global
	GlobalSection(SolutionConfigurationPlatforms) = preSolution
		Debug|Any CPU = Debug|Any CPU
		Release|Any CPU = Release|Any CPU
	EndGlobalSection
	GlobalSection(ProjectConfigurationPlatforms) = postSolution
		{0EB45D16-9620-4D46-B4E0-5D3B71D2177D}.Debug|Any CPU.ActiveCfg = Debug|Any CPU
		{0EB45D16-9620-4D46-B4E0-5D3B71D2177D}.Debug|Any CPU.Build.0 = Debug|Any CPU
		{0EB45D16-9620-4D46-B4E0-5D3B71D2177D}.Release|Any CPU.ActiveCfg = Release|Any CPU
		{0EB45D16-9620-4D46-B4E0-5D3B71D2177D}.Release|Any CPU.Build.0 = Release|Any CPU
		{5C8C0A5F-C682-4E17-AD3E-3E27798BB490}.Debug|Any CPU.ActiveCfg = Debug|Any CPU
		{5C8C0A5F-C682-4E17-AD3E-3E27798BB490}.Debug|Any CPU.Build.0 = Debug|Any CPU
		{5C8C0A5F-C682-4E17-AD3E-3E27798BB490}.Release|Any CPU.ActiveCfg = Release|Any CPU
		{5C8C0A5F-C682-4E17-AD3E-3E27798BB490}.Release|Any CPU.Build.0 = Release|Any CPU
		{0DE31372-EED1-4243-B6B9-EEEA4BD1D24A}.Debug|Any CPU.ActiveCfg = Debug|Any CPU
		{0DE31372-EED1-4243-B6B9-EEEA4BD1D24A}.Debug|Any CPU.Build.0 = Debug|Any CPU
		{0DE31372-EED1-4243-B6B9-EEEA4BD1D24A}.Release|Any CPU.ActiveCfg = Release|Any CPU
		{0DE31372-EED1-4243-B6B9-EEEA4BD1D24A}.Release|Any CPU.Build.0 = Release|Any CPU
		{0DF485E1-24CB-4EF9-A693-106281D93DBC}.Debug|Any CPU.ActiveCfg = Debug|Any CPU
		{0DF485E1-24CB-4EF9-A693-106281D93DBC}.Debug|Any CPU.Build.0 = Debug|Any CPU
		{0DF485E1-24CB-4EF9-A693-106281D93DBC}.Release|Any CPU.ActiveCfg = Release|Any CPU
		{0DF485E1-24CB-4EF9-A693-106281D93DBC}.Release|Any CPU.Build.0 = Release|Any CPU
		{364E9C3A-3BF1-4518-A7FA-E22300B36552}.Debug|Any CPU.ActiveCfg = Debug|Any CPU
		{364E9C3A-3BF1-4518-A7FA-E22300B36552}.Debug|Any CPU.Build.0 = Debug|Any CPU
		{364E9C3A-3BF1-4518-A7FA-E22300B36552}.Release|Any CPU.ActiveCfg = Release|Any CPU
		{364E9C3A-3BF1-4518-A7FA-E22300B36552}.Release|Any CPU.Build.0 = Release|Any CPU
	EndGlobalSection
	GlobalSection(SolutionProperties) = preSolution
		HideSolutionNode = FALSE
	EndGlobalSection
EndGlobal
